Microsoft Visual Studio Solution File, Format Version 12.00
# Visual Studio Version 17
VisualStudioVersion = 17.5.2.0
MinimumVisualStudioVersion = 10.0.40219.1
Project("{FAE04EC0-301F-11D3-BF4B-00C04F79EFBC}") = "KeyValueStorage", "KeyValueStorage.csproj", "{AFFC17A7-0871-39FE-7398-2D85B23D786F}"
EndProject
Global
	GlobalSection(SolutionConfigurationPlatforms) = preSolution
		Debug|Any CPU = Debug|Any CPU
		Release|Any CPU = Release|Any CPU
	EndGlobalSection
	GlobalSection(ProjectConfigurationPlatforms) = postSolution
		{AFFC17A7-0871-39FE-7398-2D85B23D786F}.Debug|Any CPU.ActiveCfg = Debug|Any CPU
		{AFFC17A7-0871-39FE-7398-2D85B23D786F}.Debug|Any CPU.Build.0 = Debug|Any CPU
		{AFFC17A7-0871-39FE-7398-2D85B23D786F}.Release|Any CPU.ActiveCfg = Release|Any CPU
		{AFFC17A7-0871-39FE-7398-2D85B23D786F}.Release|Any CPU.Build.0 = Release|Any CPU
	EndGlobalSection
	GlobalSection(SolutionProperties) = preSolution
		HideSolutionNode = FALSE
	EndGlobalSection
	GlobalSection(ExtensibilityGlobals) = postSolution
		SolutionGuid = {B537DFD0-98C4-493A-BB77-BB2B4FAECB03}
	EndGlobalSection
EndGlobal
